// !$*UTF8*$!
{
	archiveVersion = 1;
	classes = {
	};
	objectVersion = 46;
	objects = {

/* Begin PBXBuildFile section */
		424498B91E79E7F000993B23 /* AppDelegate.swift in Sources */ = {isa = PBXBuildFile; fileRef = 424498B81E79E7F000993B23 /* AppDelegate.swift */; };
		424498BB1E79E7F000993B23 /* ViewController.swift in Sources */ = {isa = PBXBuildFile; fileRef = 424498BA1E79E7F000993B23 /* ViewController.swift */; };
		424498BE1E79E7F000993B23 /* Main.storyboard in Resources */ = {isa = PBXBuildFile; fileRef = 424498BC1E79E7F000993B23 /* Main.storyboard */; };
		424498C11E79E7F000993B23 /* SaveTheKittens.xcdatamodeld in Sources */ = {isa = PBXBuildFile; fileRef = 424498BF1E79E7F000993B23 /* SaveTheKittens.xcdatamodeld */; };
		424498C31E79E7F000993B23 /* Assets.xcassets in Resources */ = {isa = PBXBuildFile; fileRef = 424498C21E79E7F000993B23 /* Assets.xcassets */; };
		424498C61E79E7F000993B23 /* LaunchScreen.storyboard in Resources */ = {isa = PBXBuildFile; fileRef = 424498C41E79E7F000993B23 /* LaunchScreen.storyboard */; };
		424498D11E79E7F000993B23 /* SaveTheKittensTests.swift in Sources */ = {isa = PBXBuildFile; fileRef = 424498D01E79E7F000993B23 /* SaveTheKittensTests.swift */; };
		424498DC1E79E7F000993B23 /* SaveTheKittensUITests.swift in Sources */ = {isa = PBXBuildFile; fileRef = 424498DB1E79E7F000993B23 /* SaveTheKittensUITests.swift */; };
/* End PBXBuildFile section */

/* Begin PBXContainerItemProxy section */
		424498CD1E79E7F000993B23 /* PBXContainerItemProxy */ = {
			isa = PBXContainerItemProxy;
			containerPortal = 424498AD1E79E7F000993B23 /* Project object */;
			proxyType = 1;
			remoteGlobalIDString = 424498B41E79E7F000993B23;
			remoteInfo = SaveTheKittens;
		};
		424498D81E79E7F000993B23 /* PBXContainerItemProxy */ = {
			isa = PBXContainerItemProxy;
			containerPortal = 424498AD1E79E7F000993B23 /* Project object */;
			proxyType = 1;
			remoteGlobalIDString = 424498B41E79E7F000993B23;
			remoteInfo = SaveTheKittens;
		};
/* End PBXContainerItemProxy section */

/* Begin PBXFileReference section */
		424498B51E79E7F000993B23 /* SaveTheKittens.app */ = {isa = PBXFileReference; explicitFileType = wrapper.application; includeInIndex = 0; path = SaveTheKittens.app; sourceTree = BUILT_PRODUCTS_DIR; };
		424498B81E79E7F000993B23 /* AppDelegate.swift */ = {isa = PBXFileReference; lastKnownFileType = sourcecode.swift; path = AppDelegate.swift; sourceTree = "<group>"; };
		424498BA1E79E7F000993B23 /* ViewController.swift */ = {isa = PBXFileReference; lastKnownFileType = sourcecode.swift; path = ViewController.swift; sourceTree = "<group>"; };
		424498BD1E79E7F000993B23 /* Base */ = {isa = PBXFileReference; lastKnownFileType = file.storyboard; name = Base; path = Base.lproj/Main.storyboard; sourceTree = "<group>"; };
		424498C01E79E7F000993B23 /* SaveTheKittens.xcdatamodel */ = {isa = PBXFileReference; lastKnownFileType = wrapper.xcdatamodel; path = SaveTheKittens.xcdatamodel; sourceTree = "<group>"; };
		424498C21E79E7F000993B23 /* Assets.xcassets */ = {isa = PBXFileReference; lastKnownFileType = folder.assetcatalog; path = Assets.xcassets; sourceTree = "<group>"; };
		424498C51E79E7F000993B23 /* Base */ = {isa = PBXFileReference; lastKnownFileType = file.storyboard; name = Base; path = Base.lproj/LaunchScreen.storyboard; sourceTree = "<group>"; };
		424498C71E79E7F000993B23 /* Info.plist */ = {isa = PBXFileReference; lastKnownFileType = text.plist.xml; path = Info.plist; sourceTree = "<group>"; };
		424498CC1E79E7F000993B23 /* SaveTheKittensTests.xctest */ = {isa = PBXFileReference; explicitFileType = wrapper.cfbundle; includeInIndex = 0; path = SaveTheKittensTests.xctest; sourceTree = BUILT_PRODUCTS_DIR; };
		424498D01E79E7F000993B23 /* SaveTheKittensTests.swift */ = {isa = PBXFileReference; lastKnownFileType = sourcecode.swift; path = SaveTheKittensTests.swift; sourceTree = "<group>"; };
		424498D21E79E7F000993B23 /* Info.plist */ = {isa = PBXFileReference; lastKnownFileType = text.plist.xml; path = Info.plist; sourceTree = "<group>"; };
		424498D71E79E7F000993B23 /* SaveTheKittensUITests.xctest */ = {isa = PBXFileReference; explicitFileType = wrapper.cfbundle; includeInIndex = 0; path = SaveTheKittensUITests.xctest; sourceTree = BUILT_PRODUCTS_DIR; };
		424498DB1E79E7F000993B23 /* SaveTheKittensUITests.swift */ = {isa = PBXFileReference; lastKnownFileType = sourcecode.swift; path = SaveTheKittensUITests.swift; sourceTree = "<group>"; };
		424498DD1E79E7F000993B23 /* Info.plist */ = {isa = PBXFileReference; lastKnownFileType = text.plist.xml; path = Info.plist; sourceTree = "<group>"; };
/* End PBXFileReference section */

/* Begin PBXFrameworksBuildPhase section */
		424498B21E79E7F000993B23 /* Frameworks */ = {
			isa = PBXFrameworksBuildPhase;
			buildActionMask = 2147483647;
			files = (
			);
			runOnlyForDeploymentPostprocessing = 0;
		};
		424498C91E79E7F000993B23 /* Frameworks */ = {
			isa = PBXFrameworksBuildPhase;
			buildActionMask = 2147483647;
			files = (
			);
			runOnlyForDeploymentPostprocessing = 0;
		};
		424498D41E79E7F000993B23 /* Frameworks */ = {
			isa = PBXFrameworksBuildPhase;
			buildActionMask = 2147483647;
			files = (
			);
			runOnlyForDeploymentPostprocessing = 0;
		};
/* End PBXFrameworksBuildPhase section */

/* Begin PBXGroup section */
		424498AC1E79E7F000993B23 = {
			isa = PBXGroup;
			children = (
				424498B71E79E7F000993B23 /* SaveTheKittens */,
				424498CF1E79E7F000993B23 /* SaveTheKittensTests */,
				424498DA1E79E7F000993B23 /* SaveTheKittensUITests */,
				424498B61E79E7F000993B23 /* Products */,
			);
			sourceTree = "<group>";
		};
		424498B61E79E7F000993B23 /* Products */ = {
			isa = PBXGroup;
			children = (
				424498B51E79E7F000993B23 /* SaveTheKittens.app */,
				424498CC1E79E7F000993B23 /* SaveTheKittensTests.xctest */,
				424498D71E79E7F000993B23 /* SaveTheKittensUITests.xctest */,
			);
			name = Products;
			sourceTree = "<group>";
		};
		424498B71E79E7F000993B23 /* SaveTheKittens */ = {
			isa = PBXGroup;
			children = (
				424498B81E79E7F000993B23 /* AppDelegate.swift */,
				424498BA1E79E7F000993B23 /* ViewController.swift */,
				424498BC1E79E7F000993B23 /* Main.storyboard */,
				424498C21E79E7F000993B23 /* Assets.xcassets */,
				424498C41E79E7F000993B23 /* LaunchScreen.storyboard */,
				424498C71E79E7F000993B23 /* Info.plist */,
				424498BF1E79E7F000993B23 /* SaveTheKittens.xcdatamodeld */,
			);
			path = SaveTheKittens;
			sourceTree = "<group>";
		};
		424498CF1E79E7F000993B23 /* SaveTheKittensTests */ = {
			isa = PBXGroup;
			children = (
				424498D01E79E7F000993B23 /* SaveTheKittensTests.swift */,
				424498D21E79E7F000993B23 /* Info.plist */,
			);
			path = SaveTheKittensTests;
			sourceTree = "<group>";
		};
		424498DA1E79E7F000993B23 /* SaveTheKittensUITests */ = {
			isa = PBXGroup;
			children = (
				424498DB1E79E7F000993B23 /* SaveTheKittensUITests.swift */,
				424498DD1E79E7F000993B23 /* Info.plist */,
			);
			path = SaveTheKittensUITests;
			sourceTree = "<group>";
		};
/* End PBXGroup section */

/* Begin PBXNativeTarget section */
		424498B41E79E7F000993B23 /* SaveTheKittens */ = {
			isa = PBXNativeTarget;
			buildConfigurationList = 424498E01E79E7F000993B23 /* Build configuration list for PBXNativeTarget "SaveTheKittens" */;
			buildPhases = (
				424498B11E79E7F000993B23 /* Sources */,
				424498B21E79E7F000993B23 /* Frameworks */,
				424498B31E79E7F000993B23 /* Resources */,
			);
			buildRules = (
			);
			dependencies = (
			);
			name = SaveTheKittens;
			productName = SaveTheKittens;
			productReference = 424498B51E79E7F000993B23 /* SaveTheKittens.app */;
			productType = "com.apple.product-type.application";
		};
		424498CB1E79E7F000993B23 /* SaveTheKittensTests */ = {
			isa = PBXNativeTarget;
			buildConfigurationList = 424498E31E79E7F000993B23 /* Build configuration list for PBXNativeTarget "SaveTheKittensTests" */;
			buildPhases = (
				424498C81E79E7F000993B23 /* Sources */,
				424498C91E79E7F000993B23 /* Frameworks */,
				424498CA1E79E7F000993B23 /* Resources */,
			);
			buildRules = (
			);
			dependencies = (
				424498CE1E79E7F000993B23 /* PBXTargetDependency */,
			);
			name = SaveTheKittensTests;
			productName = SaveTheKittensTests;
			productReference = 424498CC1E79E7F000993B23 /* SaveTheKittensTests.xctest */;
			productType = "com.apple.product-type.bundle.unit-test";
		};
		424498D61E79E7F000993B23 /* SaveTheKittensUITests */ = {
			isa = PBXNativeTarget;
			buildConfigurationList = 424498E61E79E7F000993B23 /* Build configuration list for PBXNativeTarget "SaveTheKittensUITests" */;
			buildPhases = (
				424498D31E79E7F000993B23 /* Sources */,
				424498D41E79E7F000993B23 /* Frameworks */,
				424498D51E79E7F000993B23 /* Resources */,
			);
			buildRules = (
			);
			dependencies = (
				424498D91E79E7F000993B23 /* PBXTargetDependency */,
			);
			name = SaveTheKittensUITests;
			productName = SaveTheKittensUITests;
			productReference = 424498D71E79E7F000993B23 /* SaveTheKittensUITests.xctest */;
			productType = "com.apple.product-type.bundle.ui-testing";
		};
/* End PBXNativeTarget section */

/* Begin PBXProject section */
		424498AD1E79E7F000993B23 /* Project object */ = {
			isa = PBXProject;
			attributes = {
				LastSwiftUpdateCheck = 0820;
				LastUpgradeCheck = 0820;
				ORGANIZATIONNAME = "Thomas Ebinger";
				TargetAttributes = {
					424498B41E79E7F000993B23 = {
						CreatedOnToolsVersion = 8.2.1;
						ProvisioningStyle = Automatic;
					};
					424498CB1E79E7F000993B23 = {
						CreatedOnToolsVersion = 8.2.1;
						ProvisioningStyle = Automatic;
						TestTargetID = 424498B41E79E7F000993B23;
					};
					424498D61E79E7F000993B23 = {
						CreatedOnToolsVersion = 8.2.1;
						ProvisioningStyle = Automatic;
						TestTargetID = 424498B41E79E7F000993B23;
					};
				};
			};
			buildConfigurationList = 424498B01E79E7F000993B23 /* Build configuration list for PBXProject "SaveTheKittens" */;
			compatibilityVersion = "Xcode 3.2";
			developmentRegion = English;
			hasScannedForEncodings = 0;
			knownRegions = (
				en,
				Base,
			);
			mainGroup = 424498AC1E79E7F000993B23;
			productRefGroup = 424498B61E79E7F000993B23 /* Products */;
			projectDirPath = "";
			projectRoot = "";
			targets = (
				424498B41E79E7F000993B23 /* SaveTheKittens */,
				424498CB1E79E7F000993B23 /* SaveTheKittensTests */,
				424498D61E79E7F000993B23 /* SaveTheKittensUITests */,
			);
		};
/* End PBXProject section */

/* Begin PBXResourcesBuildPhase section */
		424498B31E79E7F000993B23 /* Resources */ = {
			isa = PBXResourcesBuildPhase;
			buildActionMask = 2147483647;
			files = (
				424498C61E79E7F000993B23 /* LaunchScreen.storyboard in Resources */,
				424498C31E79E7F000993B23 /* Assets.xcassets in Resources */,
				424498BE1E79E7F000993B23 /* Main.storyboard in Resources */,
			);
			runOnlyForDeploymentPostprocessing = 0;
		};
		424498CA1E79E7F000993B23 /* Resources */ = {
			isa = PBXResourcesBuildPhase;
			buildActionMask = 2147483647;
			files = (
			);
			runOnlyForDeploymentPostprocessing = 0;
		};
		424498D51E79E7F000993B23 /* Resources */ = {
			isa = PBXResourcesBuildPhase;
			buildActionMask = 2147483647;
			files = (
			);
			runOnlyForDeploymentPostprocessing = 0;
		};
/* End PBXResourcesBuildPhase section */

/* Begin PBXSourcesBuildPhase section */
		424498B11E79E7F000993B23 /* Sources */ = {
			isa = PBXSourcesBuildPhase;
			buildActionMask = 2147483647;
			files = (
				424498BB1E79E7F000993B23 /* ViewController.swift in Sources */,
				424498B91E79E7F000993B23 /* AppDelegate.swift in Sources */,
				424498C11E79E7F000993B23 /* SaveTheKittens.xcdatamodeld in Sources */,
			);
			runOnlyForDeploymentPostprocessing = 0;
		};
		424498C81E79E7F000993B23 /* Sources */ = {
			isa = PBXSourcesBuildPhase;
			buildActionMask = 2147483647;
			files = (
				424498D11E79E7F000993B23 /* SaveTheKittensTests.swift in Sources */,
			);
			runOnlyForDeploymentPostprocessing = 0;
		};
		424498D31E79E7F000993B23 /* Sources */ = {
			isa = PBXSourcesBuildPhase;
			buildActionMask = 2147483647;
			files = (
				424498DC1E79E7F000993B23 /* SaveTheKittensUITests.swift in Sources */,
			);
			runOnlyForDeploymentPostprocessing = 0;
		};
/* End PBXSourcesBuildPhase section */

/* Begin PBXTargetDependency section */
		424498CE1E79E7F000993B23 /* PBXTargetDependency */ = {
			isa = PBXTargetDependency;
			target = 424498B41E79E7F000993B23 /* SaveTheKittens */;
			targetProxy = 424498CD1E79E7F000993B23 /* PBXContainerItemProxy */;
		};
		424498D91E79E7F000993B23 /* PBXTargetDependency */ = {
			isa = PBXTargetDependency;
			target = 424498B41E79E7F000993B23 /* SaveTheKittens */;
			targetProxy = 424498D81E79E7F000993B23 /* PBXContainerItemProxy */;
		};
/* End PBXTargetDependency section */

/* Begin PBXVariantGroup section */
		424498BC1E79E7F000993B23 /* Main.storyboard */ = {
			isa = PBXVariantGroup;
			children = (
				424498BD1E79E7F000993B23 /* Base */,
			);
			name = Main.storyboard;
			sourceTree = "<group>";
		};
		424498C41E79E7F000993B23 /* LaunchScreen.storyboard */ = {
			isa = PBXVariantGroup;
			children = (
				424498C51E79E7F000993B23 /* Base */,
			);
			name = LaunchScreen.storyboard;
			sourceTree = "<group>";
		};
/* End PBXVariantGroup section */

/* Begin XCBuildConfiguration section */
		424498DE1E79E7F000993B23 /* Debug */ = {
			isa = XCBuildConfiguration;
			buildSettings = {
				ALWAYS_SEARCH_USER_PATHS = NO;
				CLANG_ANALYZER_NONNULL = YES;
				CLANG_CXX_LANGUAGE_STANDARD = "gnu++0x";
				CLANG_CXX_LIBRARY = "libc++";
				CLANG_ENABLE_MODULES = YES;
				CLANG_ENABLE_OBJC_ARC = YES;
				CLANG_WARN_BOOL_CONVERSION = YES;
				CLANG_WARN_CONSTANT_CONVERSION = YES;
				CLANG_WARN_DIRECT_OBJC_ISA_USAGE = YES_ERROR;
				CLANG_WARN_DOCUMENTATION_COMMENTS = YES;
				CLANG_WARN_EMPTY_BODY = YES;
				CLANG_WARN_ENUM_CONVERSION = YES;
				CLANG_WARN_INFINITE_RECURSION = YES;
				CLANG_WARN_INT_CONVERSION = YES;
				CLANG_WARN_OBJC_ROOT_CLASS = YES_ERROR;
				CLANG_WARN_SUSPICIOUS_MOVE = YES;
				CLANG_WARN_UNREACHABLE_CODE = YES;
				CLANG_WARN__DUPLICATE_METHOD_MATCH = YES;
				"CODE_SIGN_IDENTITY[sdk=iphoneos*]" = "iPhone Developer";
				COPY_PHASE_STRIP = NO;
				DEBUG_INFORMATION_FORMAT = dwarf;
				ENABLE_STRICT_OBJC_MSGSEND = YES;
				ENABLE_TESTABILITY = YES;
				GCC_C_LANGUAGE_STANDARD = gnu99;
				GCC_DYNAMIC_NO_PIC = NO;
				GCC_NO_COMMON_BLOCKS = YES;
				GCC_OPTIMIZATION_LEVEL = 0;
				GCC_PREPROCESSOR_DEFINITIONS = (
					"DEBUG=1",
					"$(inherited)",
				);
				GCC_WARN_64_TO_32_BIT_CONVERSION = YES;
				GCC_WARN_ABOUT_RETURN_TYPE = YES_ERROR;
				GCC_WARN_UNDECLARED_SELECTOR = YES;
				GCC_WARN_UNINITIALIZED_AUTOS = YES_AGGRESSIVE;
				GCC_WARN_UNUSED_FUNCTION = YES;
				GCC_WARN_UNUSED_VARIABLE = YES;
				IPHONEOS_DEPLOYMENT_TARGET = 10.2;
				MTL_ENABLE_DEBUG_INFO = YES;
				ONLY_ACTIVE_ARCH = YES;
				SDKROOT = iphoneos;
				SWIFT_ACTIVE_COMPILATION_CONDITIONS = DEBUG;
				SWIFT_OPTIMIZATION_LEVEL = "-Onone";
				TARGETED_DEVICE_FAMILY = "1,2";
			};
			name = Debug;
		};
		424498DF1E79E7F000993B23 /* Release */ = {
			isa = XCBuildConfiguration;
			buildSettings = {
				ALWAYS_SEARCH_USER_PATHS = NO;
				CLANG_ANALYZER_NONNULL = YES;
				CLANG_CXX_LANGUAGE_STANDARD = "gnu++0x";
				CLANG_CXX_LIBRARY = "libc++";
				CLANG_ENABLE_MODULES = YES;
				CLANG_ENABLE_OBJC_ARC = YES;
				CLANG_WARN_BOOL_CONVERSION = YES;
				CLANG_WARN_CONSTANT_CONVERSION = YES;
				CLANG_WARN_DIRECT_OBJC_ISA_USAGE = YES_ERROR;
				CLANG_WARN_DOCUMENTATION_COMMENTS = YES;
				CLANG_WARN_EMPTY_BODY = YES;
				CLANG_WARN_ENUM_CONVERSION = YES;
				CLANG_WARN_INFINITE_RECURSION = YES;
				CLANG_WARN_INT_CONVERSION = YES;
				CLANG_WARN_OBJC_ROOT_CLASS = YES_ERROR;
				CLANG_WARN_SUSPICIOUS_MOVE = YES;
				CLANG_WARN_UNREACHABLE_CODE = YES;
				CLANG_WARN__DUPLICATE_METHOD_MATCH = YES;
				"CODE_SIGN_IDENTITY[sdk=iphoneos*]" = "iPhone Developer";
				COPY_PHASE_STRIP = NO;
				DEBUG_INFORMATION_FORMAT = "dwarf-with-dsym";
				ENABLE_NS_ASSERTIONS = NO;
				ENABLE_STRICT_OBJC_MSGSEND = YES;
				GCC_C_LANGUAGE_STANDARD = gnu99;
				GCC_NO_COMMON_BLOCKS = YES;
				GCC_WARN_64_TO_32_BIT_CONVERSION = YES;
				GCC_WARN_ABOUT_RETURN_TYPE = YES_ERROR;
				GCC_WARN_UNDECLARED_SELECTOR = YES;
				GCC_WARN_UNINITIALIZED_AUTOS = YES_AGGRESSIVE;
				GCC_WARN_UNUSED_FUNCTION = YES;
				GCC_WARN_UNUSED_VARIABLE = YES;
				IPHONEOS_DEPLOYMENT_TARGET = 10.2;
				MTL_ENABLE_DEBUG_INFO = NO;
				SDKROOT = iphoneos;
				SWIFT_OPTIMIZATION_LEVEL = "-Owholemodule";
				TARGETED_DEVICE_FAMILY = "1,2";
				VALIDATE_PRODUCT = YES;
			};
			name = Release;
		};
		424498E11E79E7F000993B23 /* Debug */ = {
			isa = XCBuildConfiguration;
			buildSettings = {
				ASSETCATALOG_COMPILER_APPICON_NAME = AppIcon;
				INFOPLIST_FILE = SaveTheKittens/Info.plist;
				LD_RUNPATH_SEARCH_PATHS = "$(inherited) @executable_path/Frameworks";
				PRODUCT_BUNDLE_IDENTIFIER = training.SaveTheKittens;
				PRODUCT_NAME = "$(TARGET_NAME)";
				SWIFT_VERSION = 3.0;
			};
			name = Debug;
		};
		424498E21E79E7F000993B23 /* Release */ = {
			isa = XCBuildConfiguration;
			buildSettings = {
				ASSETCATALOG_COMPILER_APPICON_NAME = AppIcon;
				INFOPLIST_FILE = SaveTheKittens/Info.plist;
				LD_RUNPATH_SEARCH_PATHS = "$(inherited) @executable_path/Frameworks";
				PRODUCT_BUNDLE_IDENTIFIER = training.SaveTheKittens;
				PRODUCT_NAME = "$(TARGET_NAME)";
				SWIFT_VERSION = 3.0;
			};
			name = Release;
		};
		424498E41E79E7F000993B23 /* Debug */ = {
			isa = XCBuildConfiguration;
			buildSettings = {
				ALWAYS_EMBED_SWIFT_STANDARD_LIBRARIES = YES;
				BUNDLE_LOADER = "$(TEST_HOST)";
				INFOPLIST_FILE = SaveTheKittensTests/Info.plist;
				LD_RUNPATH_SEARCH_PATHS = "$(inherited) @executable_path/Frameworks @loader_path/Frameworks";
				PRODUCT_BUNDLE_IDENTIFIER = training.SaveTheKittensTests;
				PRODUCT_NAME = "$(TARGET_NAME)";
				SWIFT_VERSION = 3.0;
				TEST_HOST = "$(BUILT_PRODUCTS_DIR)/SaveTheKittens.app/SaveTheKittens";
			};
			name = Debug;
		};
		424498E51E79E7F000993B23 /* Release */ = {
			isa = XCBuildConfiguration;
			buildSettings = {
				ALWAYS_EMBED_SWIFT_STANDARD_LIBRARIES = YES;
				BUNDLE_LOADER = "$(TEST_HOST)";
				INFOPLIST_FILE = SaveTheKittensTests/Info.plist;
				LD_RUNPATH_SEARCH_PATHS = "$(inherited) @executable_path/Frameworks @loader_path/Frameworks";
				PRODUCT_BUNDLE_IDENTIFIER = training.SaveTheKittensTests;
				PRODUCT_NAME = "$(TARGET_NAME)";
				SWIFT_VERSION = 3.0;
				TEST_HOST = "$(BUILT_PRODUCTS_DIR)/SaveTheKittens.app/SaveTheKittens";
			};
			name = Release;
		};
		424498E71E79E7F000993B23 /* Debug */ = {
			isa = XCBuildConfiguration;
			buildSettings = {
				ALWAYS_EMBED_SWIFT_STANDARD_LIBRARIES = YES;
				INFOPLIST_FILE = SaveTheKittensUITests/Info.plist;
				LD_RUNPATH_SEARCH_PATHS = "$(inherited) @executable_path/Frameworks @loader_path/Frameworks";
				PRODUCT_BUNDLE_IDENTIFIER = training.SaveTheKittensUITests;
				PRODUCT_NAME = "$(TARGET_NAME)";
				SWIFT_VERSION = 3.0;
				TEST_TARGET_NAME = SaveTheKittens;
			};
			name = Debug;
		};
		424498E81E79E7F000993B23 /* Release */ = {
			isa = XCBuildConfiguration;
			buildSettings = {
				ALWAYS_EMBED_SWIFT_STANDARD_LIBRARIES = YES;
				INFOPLIST_FILE = SaveTheKittensUITests/Info.plist;
				LD_RUNPATH_SEARCH_PATHS = "$(inherited) @executable_path/Frameworks @loader_path/Frameworks";
				PRODUCT_BUNDLE_IDENTIFIER = training.SaveTheKittensUITests;
				PRODUCT_NAME = "$(TARGET_NAME)";
				SWIFT_VERSION = 3.0;
				TEST_TARGET_NAME = SaveTheKittens;
			};
			name = Release;
		};
/* End XCBuildConfiguration section */

/* Begin XCConfigurationList section */
		424498B01E79E7F000993B23 /* Build configuration list for PBXProject "SaveTheKittens" */ = {
			isa = XCConfigurationList;
			buildConfigurations = (
				424498DE1E79E7F000993B23 /* Debug */,
				424498DF1E79E7F000993B23 /* Release */,
			);
			defaultConfigurationIsVisible = 0;
			defaultConfigurationName = Release;
		};
		424498E01E79E7F000993B23 /* Build configuration list for PBXNativeTarget "SaveTheKittens" */ = {
			isa = XCConfigurationList;
			buildConfigurations = (
				424498E11E79E7F000993B23 /* Debug */,
				424498E21E79E7F000993B23 /* Release */,
			);
			defaultConfigurationIsVisible = 0;
		};
		424498E31E79E7F000993B23 /* Build configuration list for PBXNativeTarget "SaveTheKittensTests" */ = {
			isa = XCConfigurationList;
			buildConfigurations = (
				424498E41E79E7F000993B23 /* Debug */,
				424498E51E79E7F000993B23 /* Release */,
			);
			defaultConfigurationIsVisible = 0;
		};
		424498E61E79E7F000993B23 /* Build configuration list for PBXNativeTarget "SaveTheKittensUITests" */ = {
			isa = XCConfigurationList;
			buildConfigurations = (
				424498E71E79E7F000993B23 /* Debug */,
				424498E81E79E7F000993B23 /* Release */,
			);
			defaultConfigurationIsVisible = 0;
		};
/* End XCConfigurationList section */

/* Begin XCVersionGroup section */
		424498BF1E79E7F000993B23 /* SaveTheKittens.xcdatamodeld */ = {
			isa = XCVersionGroup;
			children = (
				424498C01E79E7F000993B23 /* SaveTheKittens.xcdatamodel */,
			);
			currentVersion = 424498C01E79E7F000993B23 /* SaveTheKittens.xcdatamodel */;
			path = SaveTheKittens.xcdatamodeld;
			sourceTree = "<group>";
			versionGroupType = wrapper.xcdatamodel;
		};
/* End XCVersionGroup section */
	};
	rootObject = 424498AD1E79E7F000993B23 /* Project object */;
}
